{
  "lockfile_version": "1",
  "packages": {
    "ansible@2.18.1": {
      "last_modified": "2025-02-08T12:54:32Z",
      "resolved": "github:NixOS/nixpkgs/fa35a3c8e17a3de613240fea68f876e5b4896aec#ansible",
      "source": "devbox-search",
      "version": "2.18.1",
      "systems": {
        "aarch64-darwin": {
          "outputs": [
            {
              "name": "out",
              "path": "/nix/store/grqcvr7l457ks79d9cr4jq0apcifxinv-python3.12-ansible-core-2.18.1",
              "default": true
            },
            {
              "name": "dist",
              "path": "/nix/store/4jpqqqamj4l4b6sbik9c69v7jxwjjzjj-python3.12-ansible-core-2.18.1-dist"
            }
          ],
          "store_path": "/nix/store/grqcvr7l457ks79d9cr4jq0apcifxinv-python3.12-ansible-core-2.18.1"
        },
        "aarch64-linux": {
          "outputs": [
            {
              "name": "out",
              "path": "/nix/store/w8j04xgwp3fn8368cdgpibcasdqg12y3-python3.12-ansible-core-2.18.1",
              "default": true
            },
            {
              "name": "dist",
              "path": "/nix/store/pc344nkz8b4p62729y59jwzjlzdbnqj0-python3.12-ansible-core-2.18.1-dist"
            }
          ],
          "store_path": "/nix/store/w8j04xgwp3fn8368cdgpibcasdqg12y3-python3.12-ansible-core-2.18.1"
        },
        "x86_64-darwin": {
          "outputs": [
            {
              "name": "out",
              "path": "/nix/store/ma5sv31v0hbyjf0xxl2dbmymw9mp4g7h-python3.12-ansible-core-2.18.1",
              "default": true
            },
            {
              "name": "dist",
              "path": "/nix/store/nrnn8zxrgvrn2xxnnnc8ml5hl9w88r5k-python3.12-ansible-core-2.18.1-dist"
            }
          ],
          "store_path": "/nix/store/ma5sv31v0hbyjf0xxl2dbmymw9mp4g7h-python3.12-ansible-core-2.18.1"
        },
        "x86_64-linux": {
          "outputs": [
            {
              "name": "out",
              "path": "/nix/store/ypsx6nxccpyb70fq4jbpr090hxg85889-python3.12-ansible-core-2.18.1",
              "default": true
            },
            {
              "name": "dist",
              "path": "/nix/store/9lc34jqvbn8ygp2g0sagxmfjgkwi3g9b-python3.12-ansible-core-2.18.1-dist"
            }
          ],
          "store_path": "/nix/store/ypsx6nxccpyb70fq4jbpr090hxg85889-python3.12-ansible-core-2.18.1"
        }
      }
    },
    "gettext@0.22.5": {
      "last_modified": "2025-03-17T10:12:08Z",
      "resolved": "github:NixOS/nixpkgs/096478927c360bc18ea80c8274f013709cf7bdcd#gettext",
      "source": "devbox-search",
      "version": "0.22.5",
      "systems": {
        "aarch64-darwin": {
          "outputs": [
            {
              "name": "out",
              "path": "/nix/store/a1jgdm4qr6kkdi91qjzz94sqrw645avq-gettext-0.22.5",
              "default": true
            },
            {
              "name": "man",
              "path": "/nix/store/rsrnv9lfdjx3hpjwiygy6cdcrcbkgzcn-gettext-0.22.5-man",
              "default": true
            },
            {
              "name": "doc",
              "path": "/nix/store/gdjxh4ipg90ffbsmkdyjqwl3rrkm3cmy-gettext-0.22.5-doc"
            },
            {
              "name": "info",
              "path": "/nix/store/m4vv8f5j7qa63z6pqrwgc26v1a65bc4v-gettext-0.22.5-info"
            }
          ],
          "store_path": "/nix/store/a1jgdm4qr6kkdi91qjzz94sqrw645avq-gettext-0.22.5"
        },
        "aarch64-linux": {
          "outputs": [
            {
              "name": "out",
              "path": "/nix/store/1kxiz00cl1lby5ym02phfrshn7gs8m95-gettext-0.22.5",
              "default": true
            },
            {
              "name": "man",
              "path": "/nix/store/gxa0dmiy936psa2c77hp41vv6mdzk4fk-gettext-0.22.5-man",
              "default": true
            },
            {
              "name": "doc",
              "path": "/nix/store/6z4rm76ry6dgsyywm62c4nmawi4cd22m-gettext-0.22.5-doc"
            },
            {
              "name": "info",
              "path": "/nix/store/jvhz58dj5in20i9d4krp2932q2dg5q4s-gettext-0.22.5-info"
            }
          ],
          "store_path": "/nix/store/1kxiz00cl1lby5ym02phfrshn7gs8m95-gettext-0.22.5"
        },
        "x86_64-darwin": {
          "outputs": [
            {
              "name": "out",
              "path": "/nix/store/8i270xdig9fwdrjhry1im59l8zrhn3ck-gettext-0.22.5",
              "default": true
            },
            {
              "name": "man",
              "path": "/nix/store/ra7v5bmi2l2v8vzr39hfyfclqfq2xan1-gettext-0.22.5-man",
              "default": true
            },
            {
              "name": "doc",
              "path": "/nix/store/12r2nc4qqrf6z8lb1d6hasqn14pbj6dj-gettext-0.22.5-doc"
            },
            {
              "name": "info",
              "path": "/nix/store/s3midgh990jm44z6112nsf1jmksbx9nd-gettext-0.22.5-info"
            }
          ],
          "store_path": "/nix/store/8i270xdig9fwdrjhry1im59l8zrhn3ck-gettext-0.22.5"
        },
        "x86_64-linux": {
          "outputs": [
            {
              "name": "out",
              "path": "/nix/store/4ls7162s9rkw6axz3hdnhxss4v0xjq81-gettext-0.22.5",
              "default": true
            },
            {
              "name": "man",
              "path": "/nix/store/pi73ydpl0xx4wh7zzgfanr7a7gkir7kp-gettext-0.22.5-man",
              "default": true
            },
            {
              "name": "doc",
              "path": "/nix/store/hn9h9fmq69qz15yr5ca6bhj49330rw11-gettext-0.22.5-doc"
            },
            {
              "name": "info",
              "path": "/nix/store/9am1jig2gl5s880iy25xxwkqf6ybfxpd-gettext-0.22.5-info"
            }
          ],
          "store_path": "/nix/store/4ls7162s9rkw6axz3hdnhxss4v0xjq81-gettext-0.22.5"
        }
      }
    },
    "github:NixOS/nixpkgs/nixpkgs-unstable": {
      "resolved": "github:NixOS/nixpkgs/ba0939c506a03c60a765cd7f7c43794816540eec?lastModified=1739482815&narHash=sha256-%2F5Lwtmp%2F8j%2Bro32gXzitucSdyjJ6QehfJCL58WNA7N0%3D"
    },
    "gum@0.16.0": {
      "last_modified": "2025-03-13T11:38:39Z",
      "resolved": "github:NixOS/nixpkgs/573c650e8a14b2faa0041645ab18aed7e60f0c9a#gum",
      "source": "devbox-search",
      "version": "0.16.0",
      "systems": {
        "aarch64-darwin": {
          "outputs": [
            {
              "name": "out",
              "path": "/nix/store/kwkfj9ifihlfzv7damvf0x42w1l904ld-gum-0.16.0",
              "default": true
            }
          ],
          "store_path": "/nix/store/kwkfj9ifihlfzv7damvf0x42w1l904ld-gum-0.16.0"
        },
        "aarch64-linux": {
          "outputs": [
            {
              "name": "out",
              "path": "/nix/store/fflgnfjyizrfp3kb9kg1rb13zh8iqgpa-gum-0.16.0",
              "default": true
            }
          ],
          "store_path": "/nix/store/fflgnfjyizrfp3kb9kg1rb13zh8iqgpa-gum-0.16.0"
        },
        "x86_64-darwin": {
          "outputs": [
            {
              "name": "out",
              "path": "/nix/store/854g6bmylzpaz7s1xdccfq9x2xkx6fcc-gum-0.16.0",
              "default": true
            }
          ],
          "store_path": "/nix/store/854g6bmylzpaz7s1xdccfq9x2xkx6fcc-gum-0.16.0"
        },
        "x86_64-linux": {
          "outputs": [
            {
              "name": "out",
              "path": "/nix/store/hn1dl52063dlljmzjlx0cw1f59yk5r2n-gum-0.16.0",
              "default": true
            }
          ],
          "store_path": "/nix/store/hn1dl52063dlljmzjlx0cw1f59yk5r2n-gum-0.16.0"
        }
      }
    },
    "kubectl@1.32.2": {
      "last_modified": "2025-03-11T17:52:14Z",
      "resolved": "github:NixOS/nixpkgs/0d534853a55b5d02a4ababa1d71921ce8f0aee4c#kubectl",
      "source": "devbox-search",
      "version": "1.32.2",
      "systems": {
        "aarch64-darwin": {
          "outputs": [
            {
              "name": "out",
              "path": "/nix/store/cr69x3lwm2bvicn21xijyswvvfvckb78-kubectl-1.32.2",
              "default": true
            },
            {
              "name": "man",
              "path": "/nix/store/h827jr60kqihjv4kgasfibhsrg4hbxmd-kubectl-1.32.2-man",
              "default": true
            },
            {
              "name": "convert",
              "path": "/nix/store/554dpvy977n9871yvc21nqhsnqkdg5fr-kubectl-1.32.2-convert"
            }
          ],
          "store_path": "/nix/store/cr69x3lwm2bvicn21xijyswvvfvckb78-kubectl-1.32.2"
        },
        "aarch64-linux": {
          "outputs": [
            {
              "name": "out",
              "path": "/nix/store/ln7cfszvc6gjjrarbv0ipf1h8yzgkl46-kubectl-1.32.2",
              "default": true
            },
            {
              "name": "man",
              "path": "/nix/store/m79ivh1p7158mycrxiqslsdwqz0a2y15-kubectl-1.32.2-man",
              "default": true
            },
            {
              "name": "convert",
              "path": "/nix/store/x9c450w9l5l9hdb4sqvysi6wlsg522x7-kubectl-1.32.2-convert"
            }
          ],
          "store_path": "/nix/store/ln7cfszvc6gjjrarbv0ipf1h8yzgkl46-kubectl-1.32.2"
        },
        "x86_64-darwin": {
          "outputs": [
            {
              "name": "out",
              "path": "/nix/store/i31rmk5c0cj83i961kamvnz6wns61rr5-kubectl-1.32.2",
              "default": true
            },
            {
              "name": "man",
              "path": "/nix/store/bxxybbhglqz5dcrqfziil75kfp0xgbsf-kubectl-1.32.2-man",
              "default": true
            },
            {
              "name": "convert",
              "path": "/nix/store/4pma212svdc8gvicxrs9dwv1d070jz6x-kubectl-1.32.2-convert"
            }
          ],
          "store_path": "/nix/store/i31rmk5c0cj83i961kamvnz6wns61rr5-kubectl-1.32.2"
        },
        "x86_64-linux": {
          "outputs": [
            {
              "name": "out",
              "path": "/nix/store/z71m7l32ll43nb5cpfs5fb3acaz3rpx2-kubectl-1.32.2",
              "default": true
            },
            {
              "name": "man",
              "path": "/nix/store/0nwm2ksngri57gvgn2vvpcvy2gcz79bb-kubectl-1.32.2-man",
              "default": true
            },
            {
              "name": "convert",
              "path": "/nix/store/52cf0bmr4pqpid2nid4l1b9i1zr8zkgn-kubectl-1.32.2-convert"
            }
          ],
          "store_path": "/nix/store/z71m7l32ll43nb5cpfs5fb3acaz3rpx2-kubectl-1.32.2"
        }
      }
    },
    "kubernetes-helm@3.17.2": {
      "last_modified": "2025-03-16T16:17:41Z",
      "resolved": "github:NixOS/nixpkgs/8f76cf16b17c51ae0cc8e55488069593f6dab645#kubernetes-helm",
      "source": "devbox-search",
      "version": "3.17.2",
      "systems": {
        "aarch64-darwin": {
          "outputs": [
            {
              "name": "out",
              "path": "/nix/store/brc3q5prx53ip89csfg37g9ydwwgfd1p-kubernetes-helm-3.17.2",
              "default": true
            }
          ],
          "store_path": "/nix/store/brc3q5prx53ip89csfg37g9ydwwgfd1p-kubernetes-helm-3.17.2"
        },
        "aarch64-linux": {
          "outputs": [
            {
              "name": "out",
              "path": "/nix/store/xrgs4la1szz3f3kf7w9g21wzp30mdfy2-kubernetes-helm-3.17.2",
              "default": true
            }
          ],
          "store_path": "/nix/store/xrgs4la1szz3f3kf7w9g21wzp30mdfy2-kubernetes-helm-3.17.2"
        },
        "x86_64-darwin": {
          "outputs": [
            {
              "name": "out",
              "path": "/nix/store/r10crkfz1nfn5yq18670jbsbjf09l4fg-kubernetes-helm-3.17.2",
              "default": true
            }
          ],
          "store_path": "/nix/store/r10crkfz1nfn5yq18670jbsbjf09l4fg-kubernetes-helm-3.17.2"
        },
        "x86_64-linux": {
          "outputs": [
            {
              "name": "out",
              "path": "/nix/store/0lhjm5b1k49rsirsrvsqasbrv1im6w6j-kubernetes-helm-3.17.2",
              "default": true
            }
          ],
          "store_path": "/nix/store/0lhjm5b1k49rsirsrvsqasbrv1im6w6j-kubernetes-helm-3.17.2"
        }
      }
    },
    "python3": {
      "plugin_version": "0.0.4",
      "resolved": "github:NixOS/nixpkgs/ba0939c506a03c60a765cd7f7c43794816540eec?narHash=sha256-%2F5Lwtmp%2F8j%2Bro32gXzitucSdyjJ6QehfJCL58WNA7N0%3D#python3",
      "source": "nixpkg"
    },
    "python3Packages.pip": {
      "resolved": "github:NixOS/nixpkgs/ba0939c506a03c60a765cd7f7c43794816540eec?narHash=sha256-%2F5Lwtmp%2F8j%2Bro32gXzitucSdyjJ6QehfJCL58WNA7N0%3D#python3Packages.pip",
      "source": "nixpkg"
    },
    "python3Packages.proxmoxer": {
      "resolved": "github:NixOS/nixpkgs/ba0939c506a03c60a765cd7f7c43794816540eec?narHash=sha256-%2F5Lwtmp%2F8j%2Bro32gXzitucSdyjJ6QehfJCL58WNA7N0%3D#python3Packages.proxmoxer",
      "source": "nixpkg"
    },
    "python3Packages.requests": {
      "resolved": "github:NixOS/nixpkgs/ba0939c506a03c60a765cd7f7c43794816540eec?narHash=sha256-%2F5Lwtmp%2F8j%2Bro32gXzitucSdyjJ6QehfJCL58WNA7N0%3D#python3Packages.requests",
      "source": "nixpkg"
    },
    "python3Packages.urllib3": {
      "resolved": "github:NixOS/nixpkgs/ba0939c506a03c60a765cd7f7c43794816540eec?narHash=sha256-%2F5Lwtmp%2F8j%2Bro32gXzitucSdyjJ6QehfJCL58WNA7N0%3D#python3Packages.urllib3",
      "source": "nixpkg"
    },
    "sshpass": {
      "resolved": "github:NixOS/nixpkgs/ba0939c506a03c60a765cd7f7c43794816540eec?narHash=sha256-%2F5Lwtmp%2F8j%2Bro32gXzitucSdyjJ6QehfJCL58WNA7N0%3D#sshpass",
      "source": "nixpkg"
    }
  }
}
