{
  "lockfile_version": "1",
  "packages": {
    "cilium-cli@latest": {
      "last_modified": "2026-03-21T07:29:51Z",
      "resolved": "github:NixOS/nixpkgs/09061f748ee21f68a089cd5d91ec1859cd93d0be#cilium-cli",
      "source": "devbox-search",
      "version": "0.19.2",
      "systems": {
        "aarch64-darwin": {
          "outputs": [
            {
              "name": "out",
              "path": "/nix/store/zzls0bwvsqy0mncgi6ijm8yn9x1y130k-cilium-cli-0.19.2",
              "default": true
            }
          ],
          "store_path": "/nix/store/zzls0bwvsqy0mncgi6ijm8yn9x1y130k-cilium-cli-0.19.2"
        },
        "aarch64-linux": {
          "outputs": [
            {
              "name": "out",
              "path": "/nix/store/jw7x1d5hq979y19i5nlcjzpkxl3agij2-cilium-cli-0.19.2",
              "default": true
            }
          ],
          "store_path": "/nix/store/jw7x1d5hq979y19i5nlcjzpkxl3agij2-cilium-cli-0.19.2"
        },
        "x86_64-darwin": {
          "outputs": [
            {
              "name": "out",
              "path": "/nix/store/z03llzl06y45shgh0h94x5k3c5wagjxi-cilium-cli-0.19.2",
              "default": true
            }
          ],
          "store_path": "/nix/store/z03llzl06y45shgh0h94x5k3c5wagjxi-cilium-cli-0.19.2"
        },
        "x86_64-linux": {
          "outputs": [
            {
              "name": "out",
              "path": "/nix/store/lzd85pjib8k5ywgqgy1jmpp4kkvmgfzr-cilium-cli-0.19.2",
              "default": true
            }
          ],
          "store_path": "/nix/store/lzd85pjib8k5ywgqgy1jmpp4kkvmgfzr-cilium-cli-0.19.2"
        }
      }
    },
    "fluxcd@latest": {
      "last_modified": "2026-03-21T07:29:51Z",
      "resolved": "github:NixOS/nixpkgs/09061f748ee21f68a089cd5d91ec1859cd93d0be#fluxcd",
      "source": "devbox-search",
      "version": "2.8.3",
      "systems": {
        "aarch64-darwin": {
          "outputs": [
            {
              "name": "out",
              "path": "/nix/store/601y2r6zmcgmcvdlqgz26549sywsp3k2-fluxcd-2.8.3",
              "default": true
            }
          ],
          "store_path": "/nix/store/601y2r6zmcgmcvdlqgz26549sywsp3k2-fluxcd-2.8.3"
        },
        "aarch64-linux": {
          "outputs": [
            {
              "name": "out",
              "path": "/nix/store/m3av4id034grr74w483jmj6x4cxw0amb-fluxcd-2.8.3",
              "default": true
            }
          ],
          "store_path": "/nix/store/m3av4id034grr74w483jmj6x4cxw0amb-fluxcd-2.8.3"
        },
        "x86_64-darwin": {
          "outputs": [
            {
              "name": "out",
              "path": "/nix/store/34v23a2kppjc83cxvdycs9wrd20ndlhg-fluxcd-2.8.3",
              "default": true
            }
          ],
          "store_path": "/nix/store/34v23a2kppjc83cxvdycs9wrd20ndlhg-fluxcd-2.8.3"
        },
        "x86_64-linux": {
          "outputs": [
            {
              "name": "out",
              "path": "/nix/store/zmr0w9v6b4rsj0xrsygkdfm8g64kcfrb-fluxcd-2.8.3",
              "default": true
            }
          ],
          "store_path": "/nix/store/zmr0w9v6b4rsj0xrsygkdfm8g64kcfrb-fluxcd-2.8.3"
        }
      }
    },
    "gettext@0.22.5": {
      "last_modified": "2025-07-07T11:34:27Z",
      "resolved": "github:NixOS/nixpkgs/0acc6a91343eb987397c27044a8d1fbcb374c265#gettext",
      "source": "devbox-search",
      "version": "0.22.5",
      "systems": {
        "aarch64-darwin": {
          "outputs": [
            {
              "name": "out",
              "path": "/nix/store/i1cf5x10799v48g9x4hiks9bfd671ka5-gettext-0.22.5",
              "default": true
            },
            {
              "name": "man",
              "path": "/nix/store/yyijkzw43sji9vmkvgp5xd59qhgcqk0i-gettext-0.22.5-man",
              "default": true
            },
            {
              "name": "doc",
              "path": "/nix/store/hdbngsjdsz6rw0rs5201jwxgmig0bir9-gettext-0.22.5-doc"
            },
            {
              "name": "info",
              "path": "/nix/store/bn7zq16wifi5naccpjgx2wscbxrx1r9y-gettext-0.22.5-info"
            }
          ],
          "store_path": "/nix/store/i1cf5x10799v48g9x4hiks9bfd671ka5-gettext-0.22.5"
        },
        "aarch64-linux": {
          "outputs": [
            {
              "name": "out",
              "path": "/nix/store/4yw094fdf4hg71ffmkiciffzri75l52f-gettext-0.22.5",
              "default": true
            },
            {
              "name": "man",
              "path": "/nix/store/aw19w3wzq8b2vbn0xbxygikz1192hd9f-gettext-0.22.5-man",
              "default": true
            },
            {
              "name": "doc",
              "path": "/nix/store/1k64vvyzdiixl1sqb4j5gr3s0jaw36mb-gettext-0.22.5-doc"
            },
            {
              "name": "info",
              "path": "/nix/store/9x2h9jkx962sv43ifh3j7qrfgy2a1b4p-gettext-0.22.5-info"
            }
          ],
          "store_path": "/nix/store/4yw094fdf4hg71ffmkiciffzri75l52f-gettext-0.22.5"
        },
        "x86_64-darwin": {
          "outputs": [
            {
              "name": "out",
              "path": "/nix/store/5qi7j7hqbp157iygygys9pb36d8ik4i0-gettext-0.22.5",
              "default": true
            },
            {
              "name": "man",
              "path": "/nix/store/pb3awbc3p0y3r5g5sfjz66c5x168yx3r-gettext-0.22.5-man",
              "default": true
            },
            {
              "name": "info",
              "path": "/nix/store/h9g11qmdvcfj5c63s3rksz3w4byb903s-gettext-0.22.5-info"
            },
            {
              "name": "doc",
              "path": "/nix/store/9ff482n21sifam67a4hawlmim5qd2xj3-gettext-0.22.5-doc"
            }
          ],
          "store_path": "/nix/store/5qi7j7hqbp157iygygys9pb36d8ik4i0-gettext-0.22.5"
        },
        "x86_64-linux": {
          "outputs": [
            {
              "name": "out",
              "path": "/nix/store/zs5crhr67zp8cxn7dh4mwq08zw3sb31m-gettext-0.22.5",
              "default": true
            },
            {
              "name": "man",
              "path": "/nix/store/fmyjd06fivjkyja34lk9jfxllma3gr5k-gettext-0.22.5-man",
              "default": true
            },
            {
              "name": "doc",
              "path": "/nix/store/29k7rgjb1jz85wp5r2rb8fbmwjmp4yf7-gettext-0.22.5-doc"
            },
            {
              "name": "info",
              "path": "/nix/store/mppr77ji66sqxwwc7c12619csq6mvras-gettext-0.22.5-info"
            }
          ],
          "store_path": "/nix/store/zs5crhr67zp8cxn7dh4mwq08zw3sb31m-gettext-0.22.5"
        }
      }
    },
    "git@latest": {
      "last_modified": "2026-03-21T07:29:51Z",
      "resolved": "github:NixOS/nixpkgs/09061f748ee21f68a089cd5d91ec1859cd93d0be#git",
      "source": "devbox-search",
      "version": "2.53.0",
      "systems": {
        "aarch64-darwin": {
          "outputs": [
            {
              "name": "out",
              "path": "/nix/store/6qbj40r0s289k5slmy8yna5x2hfz01wg-git-2.53.0",
              "default": true
            },
            {
              "name": "doc",
              "path": "/nix/store/xp9w7bcl4c78268kn82qdayqglj0zdxa-git-2.53.0-doc"
            }
          ],
          "store_path": "/nix/store/6qbj40r0s289k5slmy8yna5x2hfz01wg-git-2.53.0"
        },
        "aarch64-linux": {
          "outputs": [
            {
              "name": "out",
              "path": "/nix/store/0vbb6j0ppx1w8cw28h7w8s2dzla9j3m6-git-2.53.0",
              "default": true
            },
            {
              "name": "debug",
              "path": "/nix/store/gaj4q67pid2pcy9nvh2ysv4728wxj5m4-git-2.53.0-debug"
            },
            {
              "name": "doc",
              "path": "/nix/store/9mrg9g0w2b4cfdppq3n4zvhkvyixvqpx-git-2.53.0-doc"
            }
          ],
          "store_path": "/nix/store/0vbb6j0ppx1w8cw28h7w8s2dzla9j3m6-git-2.53.0"
        },
        "x86_64-darwin": {
          "outputs": [
            {
              "name": "out",
              "path": "/nix/store/2q2hzaclp1rsj65h21lng7wa26vawhnq-git-2.53.0",
              "default": true
            },
            {
              "name": "doc",
              "path": "/nix/store/yi2mi426la2x7rggv0a0ah11s2dangz4-git-2.53.0-doc"
            }
          ],
          "store_path": "/nix/store/2q2hzaclp1rsj65h21lng7wa26vawhnq-git-2.53.0"
        },
        "x86_64-linux": {
          "outputs": [
            {
              "name": "out",
              "path": "/nix/store/7yvcckar1lzhqnr0xx2n19nsdjd4qa4d-git-2.53.0",
              "default": true
            },
            {
              "name": "debug",
              "path": "/nix/store/9xs1n97fsdbgnk8cxbdx3hqlz6fdaynb-git-2.53.0-debug"
            },
            {
              "name": "doc",
              "path": "/nix/store/rv7cz5lz1qmbdnh3zrpv0j0wa5ivaacq-git-2.53.0-doc"
            }
          ],
          "store_path": "/nix/store/7yvcckar1lzhqnr0xx2n19nsdjd4qa4d-git-2.53.0"
        }
      }
    },
    "github:NixOS/nixpkgs/nixpkgs-unstable": {
      "last_modified": "2026-03-28T12:40:58Z",
      "resolved": "github:NixOS/nixpkgs/b63fe7f000adcfa269967eeff72c64cafecbbebe?lastModified=1774701658&narHash=sha256-CIS%2F4AMUSwUyC8X5g%2B5JsMRvIUL3YUfewe8K4VrbsSQ%3D"
    },
    "hubble@latest": {
      "last_modified": "2026-03-21T07:29:51Z",
      "resolved": "github:NixOS/nixpkgs/09061f748ee21f68a089cd5d91ec1859cd93d0be#hubble",
      "source": "devbox-search",
      "version": "1.18.6",
      "systems": {
        "aarch64-darwin": {
          "outputs": [
            {
              "name": "out",
              "path": "/nix/store/ikha4x59xwnxf2nx1vh9vsp292aapsf2-hubble-1.18.6",
              "default": true
            }
          ],
          "store_path": "/nix/store/ikha4x59xwnxf2nx1vh9vsp292aapsf2-hubble-1.18.6"
        },
        "aarch64-linux": {
          "outputs": [
            {
              "name": "out",
              "path": "/nix/store/ijcprvnsjgzpmy46rynmqvhsxkmrs14g-hubble-1.18.6",
              "default": true
            }
          ],
          "store_path": "/nix/store/ijcprvnsjgzpmy46rynmqvhsxkmrs14g-hubble-1.18.6"
        },
        "x86_64-darwin": {
          "outputs": [
            {
              "name": "out",
              "path": "/nix/store/mn6kgjsl80xg036p8k2wzdpxi6j3wwix-hubble-1.18.6",
              "default": true
            }
          ],
          "store_path": "/nix/store/mn6kgjsl80xg036p8k2wzdpxi6j3wwix-hubble-1.18.6"
        },
        "x86_64-linux": {
          "outputs": [
            {
              "name": "out",
              "path": "/nix/store/8bcs6sfc1hpjzyfyqcjw8jjd0046hqmw-hubble-1.18.6",
              "default": true
            }
          ],
          "store_path": "/nix/store/8bcs6sfc1hpjzyfyqcjw8jjd0046hqmw-hubble-1.18.6"
        }
      }
    },
    "kubectl@1.32.2": {
      "last_modified": "2025-03-11T17:52:14Z",
      "resolved": "github:NixOS/nixpkgs/0d534853a55b5d02a4ababa1d71921ce8f0aee4c#kubectl",
      "source": "devbox-search",
      "version": "1.32.2",
      "systems": {
        "aarch64-darwin": {
          "outputs": [
            {
              "name": "out",
              "path": "/nix/store/cr69x3lwm2bvicn21xijyswvvfvckb78-kubectl-1.32.2",
              "default": true
            },
            {
              "name": "man",
              "path": "/nix/store/h827jr60kqihjv4kgasfibhsrg4hbxmd-kubectl-1.32.2-man",
              "default": true
            },
            {
              "name": "convert",
              "path": "/nix/store/554dpvy977n9871yvc21nqhsnqkdg5fr-kubectl-1.32.2-convert"
            }
          ],
          "store_path": "/nix/store/cr69x3lwm2bvicn21xijyswvvfvckb78-kubectl-1.32.2"
        },
        "aarch64-linux": {
          "outputs": [
            {
              "name": "out",
              "path": "/nix/store/7rr1jk5r28bm92xkjb3if2vr14hafaii-kubectl-1.32.2",
              "default": true
            },
            {
              "name": "man",
              "path": "/nix/store/q97zgj00sazysi9yrr8x52skysk674dx-kubectl-1.32.2-man",
              "default": true
            },
            {
              "name": "convert",
              "path": "/nix/store/wcdr4m7gfanjlfh1bdn528z5vs13lrbr-kubectl-1.32.2-convert"
            }
          ],
          "store_path": "/nix/store/7rr1jk5r28bm92xkjb3if2vr14hafaii-kubectl-1.32.2"
        },
        "x86_64-darwin": {
          "outputs": [
            {
              "name": "out",
              "path": "/nix/store/57xa23ilnjpv6hw0m12n1wb689qf0qv0-kubectl-1.32.2",
              "default": true
            },
            {
              "name": "man",
              "path": "/nix/store/4m6q7f91vq5gzrnq8k9igfvk4glgxp2i-kubectl-1.32.2-man",
              "default": true
            },
            {
              "name": "convert",
              "path": "/nix/store/sg9nw4x2r9ssw2v6f1rii6a8i4fajpa2-kubectl-1.32.2-convert"
            }
          ],
          "store_path": "/nix/store/57xa23ilnjpv6hw0m12n1wb689qf0qv0-kubectl-1.32.2"
        },
        "x86_64-linux": {
          "outputs": [
            {
              "name": "out",
              "path": "/nix/store/z71m7l32ll43nb5cpfs5fb3acaz3rpx2-kubectl-1.32.2",
              "default": true
            },
            {
              "name": "man",
              "path": "/nix/store/0nwm2ksngri57gvgn2vvpcvy2gcz79bb-kubectl-1.32.2-man",
              "default": true
            },
            {
              "name": "convert",
              "path": "/nix/store/52cf0bmr4pqpid2nid4l1b9i1zr8zkgn-kubectl-1.32.2-convert"
            }
          ],
          "store_path": "/nix/store/z71m7l32ll43nb5cpfs5fb3acaz3rpx2-kubectl-1.32.2"
        }
      }
    },
    "kubernetes-helm@3.17.2": {
      "last_modified": "2025-03-23T05:31:05Z",
      "resolved": "github:NixOS/nixpkgs/dd613136ee91f67e5dba3f3f41ac99ae89c5406b#kubernetes-helm",
      "source": "devbox-search",
      "version": "3.17.2",
      "systems": {
        "aarch64-darwin": {
          "outputs": [
            {
              "name": "out",
              "path": "/nix/store/0zb6130k4msbr1dnjh3bi8h0930mdzfi-kubernetes-helm-3.17.2",
              "default": true
            }
          ],
          "store_path": "/nix/store/0zb6130k4msbr1dnjh3bi8h0930mdzfi-kubernetes-helm-3.17.2"
        },
        "aarch64-linux": {
          "outputs": [
            {
              "name": "out",
              "path": "/nix/store/j3rj0k8ry052m17gk81cab5fp39jnxb1-kubernetes-helm-3.17.2",
              "default": true
            }
          ],
          "store_path": "/nix/store/j3rj0k8ry052m17gk81cab5fp39jnxb1-kubernetes-helm-3.17.2"
        },
        "x86_64-darwin": {
          "outputs": [
            {
              "name": "out",
              "path": "/nix/store/n0j4vcxz215xc76fa16brb7dd2wjzcwy-kubernetes-helm-3.17.2",
              "default": true
            }
          ],
          "store_path": "/nix/store/n0j4vcxz215xc76fa16brb7dd2wjzcwy-kubernetes-helm-3.17.2"
        },
        "x86_64-linux": {
          "outputs": [
            {
              "name": "out",
              "path": "/nix/store/a7869w8md1im50aynkzvp1yvdwcamw39-kubernetes-helm-3.17.2",
              "default": true
            }
          ],
          "store_path": "/nix/store/a7869w8md1im50aynkzvp1yvdwcamw39-kubernetes-helm-3.17.2"
        }
      }
    },
    "kubescape@latest": {
      "last_modified": "2026-03-21T07:29:51Z",
      "resolved": "github:NixOS/nixpkgs/09061f748ee21f68a089cd5d91ec1859cd93d0be#kubescape",
      "source": "devbox-search",
      "version": "3.0.47",
      "systems": {
        "aarch64-darwin": {
          "outputs": [
            {
              "name": "out",
              "path": "/nix/store/ap6rw542xqhwqjidfkvc7x0b2rhqxhzv-kubescape-3.0.47",
              "default": true
            }
          ],
          "store_path": "/nix/store/ap6rw542xqhwqjidfkvc7x0b2rhqxhzv-kubescape-3.0.47"
        },
        "aarch64-linux": {
          "outputs": [
            {
              "name": "out",
              "path": "/nix/store/52m2wvfq60svifhpj25n1q2lffvsaxyd-kubescape-3.0.47",
              "default": true
            }
          ],
          "store_path": "/nix/store/52m2wvfq60svifhpj25n1q2lffvsaxyd-kubescape-3.0.47"
        },
        "x86_64-darwin": {
          "outputs": [
            {
              "name": "out",
              "path": "/nix/store/ja39h93xkvy7zal9sd1z6xl3smgsx65h-kubescape-3.0.47",
              "default": true
            }
          ],
          "store_path": "/nix/store/ja39h93xkvy7zal9sd1z6xl3smgsx65h-kubescape-3.0.47"
        },
        "x86_64-linux": {
          "outputs": [
            {
              "name": "out",
              "path": "/nix/store/xmhnk6l2lzjkh4rx0w6mv7j6bxggcgnh-kubescape-3.0.47",
              "default": true
            }
          ],
          "store_path": "/nix/store/xmhnk6l2lzjkh4rx0w6mv7j6bxggcgnh-kubescape-3.0.47"
        }
      }
    },
    "kubeseal@0.29.0": {
      "last_modified": "2025-06-20T02:24:11Z",
      "resolved": "github:NixOS/nixpkgs/076e8c6678d8c54204abcb4b1b14c366835a58bb#kubeseal",
      "source": "devbox-search",
      "version": "0.29.0",
      "systems": {
        "aarch64-darwin": {
          "outputs": [
            {
              "name": "out",
              "path": "/nix/store/vzssqvm70hmhkd3jqbcnnj8yqcm0m0na-kubeseal-0.29.0",
              "default": true
            }
          ],
          "store_path": "/nix/store/vzssqvm70hmhkd3jqbcnnj8yqcm0m0na-kubeseal-0.29.0"
        },
        "aarch64-linux": {
          "outputs": [
            {
              "name": "out",
              "path": "/nix/store/i2hhqk088jzvvsm1368sgdsapwkrcx71-kubeseal-0.29.0",
              "default": true
            }
          ],
          "store_path": "/nix/store/i2hhqk088jzvvsm1368sgdsapwkrcx71-kubeseal-0.29.0"
        },
        "x86_64-darwin": {
          "outputs": [
            {
              "name": "out",
              "path": "/nix/store/kz3nkqmlj8wqzcxjg3lsy7ziny9k3y8l-kubeseal-0.29.0",
              "default": true
            }
          ],
          "store_path": "/nix/store/kz3nkqmlj8wqzcxjg3lsy7ziny9k3y8l-kubeseal-0.29.0"
        },
        "x86_64-linux": {
          "outputs": [
            {
              "name": "out",
              "path": "/nix/store/9xf5nf1d6iy45kfhrmpvgxdssr2gdz4j-kubeseal-0.29.0",
              "default": true
            }
          ],
          "store_path": "/nix/store/9xf5nf1d6iy45kfhrmpvgxdssr2gdz4j-kubeseal-0.29.0"
        }
      }
    },
    "talosctl@latest": {
      "last_modified": "2026-03-21T07:29:51Z",
      "resolved": "github:NixOS/nixpkgs/09061f748ee21f68a089cd5d91ec1859cd93d0be#talosctl",
      "source": "devbox-search",
      "version": "1.12.6",
      "systems": {
        "aarch64-darwin": {
          "outputs": [
            {
              "name": "out",
              "path": "/nix/store/9hjlisrf7i93z8jhzzhxsypaalj95f9d-talosctl-1.12.6",
              "default": true
            }
          ],
          "store_path": "/nix/store/9hjlisrf7i93z8jhzzhxsypaalj95f9d-talosctl-1.12.6"
        },
        "aarch64-linux": {
          "outputs": [
            {
              "name": "out",
              "path": "/nix/store/1558vlhbw6aqhvw905qraxg4rc74amw9-talosctl-1.12.6",
              "default": true
            }
          ],
          "store_path": "/nix/store/1558vlhbw6aqhvw905qraxg4rc74amw9-talosctl-1.12.6"
        },
        "x86_64-darwin": {
          "outputs": [
            {
              "name": "out",
              "path": "/nix/store/pmp196wv0wwmxrfnp5s8v1qbgycx420b-talosctl-1.12.6",
              "default": true
            }
          ],
          "store_path": "/nix/store/pmp196wv0wwmxrfnp5s8v1qbgycx420b-talosctl-1.12.6"
        },
        "x86_64-linux": {
          "outputs": [
            {
              "name": "out",
              "path": "/nix/store/r7h0dhc88k3mzv60dc91ckh6cpscvlzv-talosctl-1.12.6",
              "default": true
            }
          ],
          "store_path": "/nix/store/r7h0dhc88k3mzv60dc91ckh6cpscvlzv-talosctl-1.12.6"
        }
      }
    },
    "terraform@latest": {
      "last_modified": "2026-03-21T07:29:51Z",
      "resolved": "github:NixOS/nixpkgs/09061f748ee21f68a089cd5d91ec1859cd93d0be#terraform",
      "source": "devbox-search",
      "version": "1.14.6",
      "systems": {
        "aarch64-darwin": {
          "outputs": [
            {
              "name": "out",
              "path": "/nix/store/xk7hvhwbf0z6iyrs2aka1wd3hjv6f1zp-terraform-1.14.6",
              "default": true
            }
          ],
          "store_path": "/nix/store/xk7hvhwbf0z6iyrs2aka1wd3hjv6f1zp-terraform-1.14.6"
        },
        "aarch64-linux": {
          "outputs": [
            {
              "name": "out",
              "path": "/nix/store/7hq466ahwazwk91p6llrnhs0lwikh7b5-terraform-1.14.6",
              "default": true
            }
          ],
          "store_path": "/nix/store/7hq466ahwazwk91p6llrnhs0lwikh7b5-terraform-1.14.6"
        },
        "x86_64-darwin": {
          "outputs": [
            {
              "name": "out",
              "path": "/nix/store/bvy6m79gm2gazgsy9zyikz02ljnkxcpa-terraform-1.14.6",
              "default": true
            }
          ],
          "store_path": "/nix/store/bvy6m79gm2gazgsy9zyikz02ljnkxcpa-terraform-1.14.6"
        },
        "x86_64-linux": {
          "outputs": [
            {
              "name": "out",
              "path": "/nix/store/b5vw87jqlrzimhfi0182i470dvizmn7i-terraform-1.14.6",
              "default": true
            }
          ],
          "store_path": "/nix/store/b5vw87jqlrzimhfi0182i470dvizmn7i-terraform-1.14.6"
        }
      }
    }
  }
}
